
Microsoft Visual Studio Solution File, Format Version 12.00
# Visual Studio 15
VisualStudioVersion = 15.0.28307.168
MinimumVisualStudioVersion = 10.0.40219.1
Project("{FAE04EC0-301F-11D3-BF4B-00C04F79EFBC}") = "ButtonCounter", "ButtonCounter\ButtonCounter.csproj", "{CB314D14-1787-4589-AA47-D4E072518D72}"
EndProject
Project("{FAE04EC0-301F-11D3-BF4B-00C04F79EFBC}") = "TicketManager", "TicketManager\TicketManager.csproj", "{366AB1E5-6355-4191-B707-DB8AEF0DCE3E}"
EndProject
Project("{FAE04EC0-301F-11D3-BF4B-00C04F79EFBC}") = "Calculator", "Calculator\Calculator.csproj", "{2BCD7B4A-600B-4DA8-A16C-7203A0AD8F81}"
EndProject
Project("{2150E333-8FDC-42A3-9474-1A3956D46DE8}") = "Week1", "Week1", "{20C8FEF5-490B-416F-BEBF-6807AE3FBB5B}"
EndProject
Project("{2150E333-8FDC-42A3-9474-1A3956D46DE8}") = "Week2", "Week2", "{FBEE9D67-E250-4CE8-883A-E0CE2D657C21}"
EndProject
Project("{FAE04EC0-301F-11D3-BF4B-00C04F79EFBC}") = "ConfigureMyAuto", "ConfigureMyAuto\ConfigureMyAuto.csproj", "{221BE850-ECDC-44D5-A0D3-C9AFC2AF2546}"
EndProject
Project("{2150E333-8FDC-42A3-9474-1A3956D46DE8}") = "Week3", "Week3", "{308F3FD2-F5FD-4536-8B21-6F75D0878535}"
EndProject
Project("{FAE04EC0-301F-11D3-BF4B-00C04F79EFBC}") = "Rock-Scissors-Paper", "Rock-Scissors-Paper\Rock-Scissors-Paper.csproj", "{165A5FE3-A244-4CD3-AF01-03653823975E}"
EndProject
Project("{FAE04EC0-301F-11D3-BF4B-00C04F79EFBC}") = "GuessTheNumber", "GuessTheNumber\GuessTheNumber.csproj", "{94731047-CFFC-48BC-B5E4-1F0F2306A937}"
EndProject
Project("{2150E333-8FDC-42A3-9474-1A3956D46DE8}") = "Week4", "Week4", "{45B62B4F-FAFB-459B-8086-899245326CDB}"
EndProject
Project("{FAE04EC0-301F-11D3-BF4B-00C04F79EFBC}") = "MyCollectionManager", "MyCollectionManager\MyCollectionManager.csproj", "{93E94C21-2B9D-4F0E-AB19-EEE6C24ED37D}"
EndProject
Global
	GlobalSection(SolutionConfigurationPlatforms) = preSolution
		Debug|Any CPU = Debug|Any CPU
		Release|Any CPU = Release|Any CPU
	EndGlobalSection
	GlobalSection(ProjectConfigurationPlatforms) = postSolution
		{CB314D14-1787-4589-AA47-D4E072518D72}.Debug|Any CPU.ActiveCfg = Debug|Any CPU
		{CB314D14-1787-4589-AA47-D4E072518D72}.Debug|Any CPU.Build.0 = Debug|Any CPU
		{CB314D14-1787-4589-AA47-D4E072518D72}.Release|Any CPU.ActiveCfg = Release|Any CPU
		{CB314D14-1787-4589-AA47-D4E072518D72}.Release|Any CPU.Build.0 = Release|Any CPU
		{366AB1E5-6355-4191-B707-DB8AEF0DCE3E}.Debug|Any CPU.ActiveCfg = Debug|Any CPU
		{366AB1E5-6355-4191-B707-DB8AEF0DCE3E}.Debug|Any CPU.Build.0 = Debug|Any CPU
		{366AB1E5-6355-4191-B707-DB8AEF0DCE3E}.Release|Any CPU.ActiveCfg = Release|Any CPU
		{366AB1E5-6355-4191-B707-DB8AEF0DCE3E}.Release|Any CPU.Build.0 = Release|Any CPU
		{2BCD7B4A-600B-4DA8-A16C-7203A0AD8F81}.Debug|Any CPU.ActiveCfg = Debug|Any CPU
		{2BCD7B4A-600B-4DA8-A16C-7203A0AD8F81}.Debug|Any CPU.Build.0 = Debug|Any CPU
		{2BCD7B4A-600B-4DA8-A16C-7203A0AD8F81}.Release|Any CPU.ActiveCfg = Release|Any CPU
		{2BCD7B4A-600B-4DA8-A16C-7203A0AD8F81}.Release|Any CPU.Build.0 = Release|Any CPU
		{221BE850-ECDC-44D5-A0D3-C9AFC2AF2546}.Debug|Any CPU.ActiveCfg = Debug|Any CPU
		{221BE850-ECDC-44D5-A0D3-C9AFC2AF2546}.Debug|Any CPU.Build.0 = Debug|Any CPU
		{221BE850-ECDC-44D5-A0D3-C9AFC2AF2546}.Release|Any CPU.ActiveCfg = Release|Any CPU
		{221BE850-ECDC-44D5-A0D3-C9AFC2AF2546}.Release|Any CPU.Build.0 = Release|Any CPU
		{165A5FE3-A244-4CD3-AF01-03653823975E}.Debug|Any CPU.ActiveCfg = Debug|Any CPU
		{165A5FE3-A244-4CD3-AF01-03653823975E}.Debug|Any CPU.Build.0 = Debug|Any CPU
		{165A5FE3-A244-4CD3-AF01-03653823975E}.Release|Any CPU.ActiveCfg = Release|Any CPU
		{165A5FE3-A244-4CD3-AF01-03653823975E}.Release|Any CPU.Build.0 = Release|Any CPU
		{94731047-CFFC-48BC-B5E4-1F0F2306A937}.Debug|Any CPU.ActiveCfg = Debug|Any CPU
		{94731047-CFFC-48BC-B5E4-1F0F2306A937}.Debug|Any CPU.Build.0 = Debug|Any CPU
		{94731047-CFFC-48BC-B5E4-1F0F2306A937}.Release|Any CPU.ActiveCfg = Release|Any CPU
		{94731047-CFFC-48BC-B5E4-1F0F2306A937}.Release|Any CPU.Build.0 = Release|Any CPU
		{93E94C21-2B9D-4F0E-AB19-EEE6C24ED37D}.Debug|Any CPU.ActiveCfg = Debug|Any CPU
		{93E94C21-2B9D-4F0E-AB19-EEE6C24ED37D}.Debug|Any CPU.Build.0 = Debug|Any CPU
		{93E94C21-2B9D-4F0E-AB19-EEE6C24ED37D}.Release|Any CPU.ActiveCfg = Release|Any CPU
		{93E94C21-2B9D-4F0E-AB19-EEE6C24ED37D}.Release|Any CPU.Build.0 = Release|Any CPU
	EndGlobalSection
	GlobalSection(SolutionProperties) = preSolution
		HideSolutionNode = FALSE
	EndGlobalSection
	GlobalSection(NestedProjects) = preSolution
		{CB314D14-1787-4589-AA47-D4E072518D72} = {20C8FEF5-490B-416F-BEBF-6807AE3FBB5B}
		{366AB1E5-6355-4191-B707-DB8AEF0DCE3E} = {20C8FEF5-490B-416F-BEBF-6807AE3FBB5B}
		{2BCD7B4A-600B-4DA8-A16C-7203A0AD8F81} = {20C8FEF5-490B-416F-BEBF-6807AE3FBB5B}
		{221BE850-ECDC-44D5-A0D3-C9AFC2AF2546} = {FBEE9D67-E250-4CE8-883A-E0CE2D657C21}
		{165A5FE3-A244-4CD3-AF01-03653823975E} = {308F3FD2-F5FD-4536-8B21-6F75D0878535}
		{94731047-CFFC-48BC-B5E4-1F0F2306A937} = {308F3FD2-F5FD-4536-8B21-6F75D0878535}
		{93E94C21-2B9D-4F0E-AB19-EEE6C24ED37D} = {45B62B4F-FAFB-459B-8086-899245326CDB}
	EndGlobalSection
	GlobalSection(ExtensibilityGlobals) = postSolution
		SolutionGuid = {97E9C557-5CE3-4BCF-ADF7-596E8C3F3E88}
	EndGlobalSection
EndGlobal
