
Microsoft Visual Studio Solution File, Format Version 12.00
# Visual Studio 15
VisualStudioVersion = 15.0.28307.168
MinimumVisualStudioVersion = 10.0.40219.1
Project("{FAE04EC0-301F-11D3-BF4B-00C04F79EFBC}") = "ButtonCounter", "ButtonCounter\ButtonCounter.csproj", "{CB314D14-1787-4589-AA47-D4E072518D72}"
EndProject
Project("{FAE04EC0-301F-11D3-BF4B-00C04F79EFBC}") = "TicketManager", "TicketManager\TicketManager.csproj", "{366AB1E5-6355-4191-B707-DB8AEF0DCE3E}"
EndProject
Project("{FAE04EC0-301F-11D3-BF4B-00C04F79EFBC}") = "Calculator", "Calculator\Calculator.csproj", "{2BCD7B4A-600B-4DA8-A16C-7203A0AD8F81}"
EndProject
Global
	GlobalSection(SolutionConfigurationPlatforms) = preSolution
		Debug|Any CPU = Debug|Any CPU
		Release|Any CPU = Release|Any CPU
	EndGlobalSection
	GlobalSection(ProjectConfigurationPlatforms) = postSolution
		{CB314D14-1787-4589-AA47-D4E072518D72}.Debug|Any CPU.ActiveCfg = Debug|Any CPU
		{CB314D14-1787-4589-AA47-D4E072518D72}.Debug|Any CPU.Build.0 = Debug|Any CPU
		{CB314D14-1787-4589-AA47-D4E072518D72}.Release|Any CPU.ActiveCfg = Release|Any CPU
		{CB314D14-1787-4589-AA47-D4E072518D72}.Release|Any CPU.Build.0 = Release|Any CPU
		{366AB1E5-6355-4191-B707-DB8AEF0DCE3E}.Debug|Any CPU.ActiveCfg = Debug|Any CPU
		{366AB1E5-6355-4191-B707-DB8AEF0DCE3E}.Debug|Any CPU.Build.0 = Debug|Any CPU
		{366AB1E5-6355-4191-B707-DB8AEF0DCE3E}.Release|Any CPU.ActiveCfg = Release|Any CPU
		{366AB1E5-6355-4191-B707-DB8AEF0DCE3E}.Release|Any CPU.Build.0 = Release|Any CPU
		{2BCD7B4A-600B-4DA8-A16C-7203A0AD8F81}.Debug|Any CPU.ActiveCfg = Debug|Any CPU
		{2BCD7B4A-600B-4DA8-A16C-7203A0AD8F81}.Debug|Any CPU.Build.0 = Debug|Any CPU
		{2BCD7B4A-600B-4DA8-A16C-7203A0AD8F81}.Release|Any CPU.ActiveCfg = Release|Any CPU
		{2BCD7B4A-600B-4DA8-A16C-7203A0AD8F81}.Release|Any CPU.Build.0 = Release|Any CPU
	EndGlobalSection
	GlobalSection(SolutionProperties) = preSolution
		HideSolutionNode = FALSE
	EndGlobalSection
	GlobalSection(ExtensibilityGlobals) = postSolution
		SolutionGuid = {97E9C557-5CE3-4BCF-ADF7-596E8C3F3E88}
	EndGlobalSection
EndGlobal
